Microsoft Visual Studio Solution File, Format Version 12.00
# Visual Studio Version 16
VisualStudioVersion = 16.0.29926.136
MinimumVisualStudioVersion = 10.0.40219.1
Project("{2150E333-8FDC-42A3-9474-1A3956D46DE8}") = "src", "src", "{3DDA180C-DBB7-4E9C-AE72-0427DB7A98A3}"
EndProject
Project("{2150E333-8FDC-42A3-9474-1A3956D46DE8}") = "Solution Items", "Solution Items", "{96956A56-3019-4049-896A-11C2FAD6B8EB}"
	ProjectSection(SolutionItems) = preProject
		.editorconfig = .editorconfig
		docker-compose.yml = docker-compose.yml
		src\Dockerfile = src\Dockerfile
		.github\workflows\github-action.yml = .github\workflows\github-action.yml
		Makefile = Makefile
		README.md = README.md
	EndProjectSection
EndProject
Project("{2150E333-8FDC-42A3-9474-1A3956D46DE8}") = "test", "test", "{1F5EB58A-8ACE-4179-85CD-119D2DEFF2DF}"
EndProject
Project("{2150E333-8FDC-42A3-9474-1A3956D46DE8}") = "Core", "Core", "{BA7073F6-2A1C-4F82-A240-D02064A3BE86}"
EndProject
Project("{2150E333-8FDC-42A3-9474-1A3956D46DE8}") = "Common", "Common", "{E1C5C555-3024-4E82-92B0-15CB6AA06135}"
EndProject
Project("{9A19103F-16F7-4668-BE54-9A1E7A4F7556}") = "SteveTheTradeBot.Api", "src\SteveTheTradeBot.Api\SteveTheTradeBot.Api.csproj", "{3E5C58AA-6B9A-4020-B70D-1DFC1341CFBD}"
EndProject
Project("{9A19103F-16F7-4668-BE54-9A1E7A4F7556}") = "SteveTheTradeBot.Core", "src\SteveTheTradeBot.Core\SteveTheTradeBot.Core.csproj", "{EE740ECB-DE6D-42FB-BF0D-BC11767CB8F2}"
EndProject
Project("{9A19103F-16F7-4668-BE54-9A1E7A4F7556}") = "SteveTheTradeBot.Core.Tests", "test\SteveTheTradeBot.Core.Tests\SteveTheTradeBot.Core.Tests.csproj", "{FAE792E6-E5C5-4BD5-8C9A-5BB976F86E3A}"
EndProject
Project("{9A19103F-16F7-4668-BE54-9A1E7A4F7556}") = "SteveTheTradeBot.Sdk", "src\SteveTheTradeBot.Sdk\SteveTheTradeBot.Sdk.csproj", "{B7B7527D-C857-4579-8937-86A0F29D0C2F}"
EndProject
Project("{9A19103F-16F7-4668-BE54-9A1E7A4F7556}") = "SteveTheTradeBot.Shared", "src\SteveTheTradeBot.Shared\SteveTheTradeBot.Shared.csproj", "{FA98E371-97B2-461C-AC09-26A5D1A68333}"
EndProject
Project("{9A19103F-16F7-4668-BE54-9A1E7A4F7556}") = "SteveTheTradeBot.Dal", "src\SteveTheTradeBot.Dal\SteveTheTradeBot.Dal.csproj", "{C3607C76-1352-4982-B78C-6D8EBD89B0AA}"
EndProject
Project("{9A19103F-16F7-4668-BE54-9A1E7A4F7556}") = "SteveTheTradeBot.Dal.Tests", "test\SteveTheTradeBot.Dal.Tests\SteveTheTradeBot.Dal.Tests.csproj", "{C761092D-0EBD-484F-A134-42EEB6348B51}"
EndProject
Project("{9A19103F-16F7-4668-BE54-9A1E7A4F7556}") = "SteveTheTradeBot.Api.Tests", "test\SteveTheTradeBot.Api.Tests\SteveTheTradeBot.Api.Tests.csproj", "{22F26F83-C97A-4506-A976-81C0DA5C6332}"
EndProject
Project("{9A19103F-16F7-4668-BE54-9A1E7A4F7556}") = "SteveTheTradeBot.Dal.MongoDb", "src\SteveTheTradeBot.Dal.MongoDb\SteveTheTradeBot.Dal.MongoDb.csproj", "{2B94B549-655C-4119-9CED-953F006964F8}"
EndProject
Project("{9A19103F-16F7-4668-BE54-9A1E7A4F7556}") = "SteveTheTradeBot.Cmd", "src\SteveTheTradeBot.Cmd\SteveTheTradeBot.Cmd.csproj", "{59FDE704-04A8-4C0B-84AA-64BC6DF02A34}"
EndProject
Project("{9A19103F-16F7-4668-BE54-9A1E7A4F7556}") = "SteveTheTradeBot.ML.Model", "src\SteveTheTradeBot.Ml.Model\SteveTheTradeBot.ML.Model.csproj", "{FF3113C4-C3B2-48EB-B66F-483A3C5ED946}"
EndProject
Global
	GlobalSection(SolutionConfigurationPlatforms) = preSolution
		Debug|Any CPU = Debug|Any CPU
		Release|Any CPU = Release|Any CPU
	EndGlobalSection
	GlobalSection(ProjectConfigurationPlatforms) = postSolution
		{3E5C58AA-6B9A-4020-B70D-1DFC1341CFBD}.Debug|Any CPU.ActiveCfg = Debug|Any CPU
		{3E5C58AA-6B9A-4020-B70D-1DFC1341CFBD}.Debug|Any CPU.Build.0 = Debug|Any CPU
		{3E5C58AA-6B9A-4020-B70D-1DFC1341CFBD}.Release|Any CPU.ActiveCfg = Release|Any CPU
		{3E5C58AA-6B9A-4020-B70D-1DFC1341CFBD}.Release|Any CPU.Build.0 = Release|Any CPU
		{EE740ECB-DE6D-42FB-BF0D-BC11767CB8F2}.Debug|Any CPU.ActiveCfg = Debug|Any CPU
		{EE740ECB-DE6D-42FB-BF0D-BC11767CB8F2}.Debug|Any CPU.Build.0 = Debug|Any CPU
		{EE740ECB-DE6D-42FB-BF0D-BC11767CB8F2}.Release|Any CPU.ActiveCfg = Release|Any CPU
		{EE740ECB-DE6D-42FB-BF0D-BC11767CB8F2}.Release|Any CPU.Build.0 = Release|Any CPU
		{FAE792E6-E5C5-4BD5-8C9A-5BB976F86E3A}.Debug|Any CPU.ActiveCfg = Debug|Any CPU
		{FAE792E6-E5C5-4BD5-8C9A-5BB976F86E3A}.Debug|Any CPU.Build.0 = Debug|Any CPU
		{FAE792E6-E5C5-4BD5-8C9A-5BB976F86E3A}.Release|Any CPU.ActiveCfg = Release|Any CPU
		{FAE792E6-E5C5-4BD5-8C9A-5BB976F86E3A}.Release|Any CPU.Build.0 = Release|Any CPU
		{B7B7527D-C857-4579-8937-86A0F29D0C2F}.Debug|Any CPU.ActiveCfg = Debug|Any CPU
		{B7B7527D-C857-4579-8937-86A0F29D0C2F}.Debug|Any CPU.Build.0 = Debug|Any CPU
		{B7B7527D-C857-4579-8937-86A0F29D0C2F}.Release|Any CPU.ActiveCfg = Release|Any CPU
		{B7B7527D-C857-4579-8937-86A0F29D0C2F}.Release|Any CPU.Build.0 = Release|Any CPU
		{FA98E371-97B2-461C-AC09-26A5D1A68333}.Debug|Any CPU.ActiveCfg = Debug|Any CPU
		{FA98E371-97B2-461C-AC09-26A5D1A68333}.Debug|Any CPU.Build.0 = Debug|Any CPU
		{FA98E371-97B2-461C-AC09-26A5D1A68333}.Release|Any CPU.ActiveCfg = Release|Any CPU
		{FA98E371-97B2-461C-AC09-26A5D1A68333}.Release|Any CPU.Build.0 = Release|Any CPU
		{C3607C76-1352-4982-B78C-6D8EBD89B0AA}.Debug|Any CPU.ActiveCfg = Debug|Any CPU
		{C3607C76-1352-4982-B78C-6D8EBD89B0AA}.Debug|Any CPU.Build.0 = Debug|Any CPU
		{C3607C76-1352-4982-B78C-6D8EBD89B0AA}.Release|Any CPU.ActiveCfg = Release|Any CPU
		{C3607C76-1352-4982-B78C-6D8EBD89B0AA}.Release|Any CPU.Build.0 = Release|Any CPU
		{C761092D-0EBD-484F-A134-42EEB6348B51}.Debug|Any CPU.ActiveCfg = Debug|Any CPU
		{C761092D-0EBD-484F-A134-42EEB6348B51}.Debug|Any CPU.Build.0 = Debug|Any CPU
		{C761092D-0EBD-484F-A134-42EEB6348B51}.Release|Any CPU.ActiveCfg = Release|Any CPU
		{C761092D-0EBD-484F-A134-42EEB6348B51}.Release|Any CPU.Build.0 = Release|Any CPU
		{22F26F83-C97A-4506-A976-81C0DA5C6332}.Debug|Any CPU.ActiveCfg = Debug|Any CPU
		{22F26F83-C97A-4506-A976-81C0DA5C6332}.Debug|Any CPU.Build.0 = Debug|Any CPU
		{22F26F83-C97A-4506-A976-81C0DA5C6332}.Release|Any CPU.ActiveCfg = Release|Any CPU
		{22F26F83-C97A-4506-A976-81C0DA5C6332}.Release|Any CPU.Build.0 = Release|Any CPU
		{2B94B549-655C-4119-9CED-953F006964F8}.Debug|Any CPU.ActiveCfg = Debug|Any CPU
		{2B94B549-655C-4119-9CED-953F006964F8}.Debug|Any CPU.Build.0 = Debug|Any CPU
		{2B94B549-655C-4119-9CED-953F006964F8}.Release|Any CPU.ActiveCfg = Release|Any CPU
		{2B94B549-655C-4119-9CED-953F006964F8}.Release|Any CPU.Build.0 = Release|Any CPU
		{59FDE704-04A8-4C0B-84AA-64BC6DF02A34}.Debug|Any CPU.ActiveCfg = Debug|Any CPU
		{59FDE704-04A8-4C0B-84AA-64BC6DF02A34}.Debug|Any CPU.Build.0 = Debug|Any CPU
		{59FDE704-04A8-4C0B-84AA-64BC6DF02A34}.Release|Any CPU.ActiveCfg = Release|Any CPU
		{59FDE704-04A8-4C0B-84AA-64BC6DF02A34}.Release|Any CPU.Build.0 = Release|Any CPU
		{FF3113C4-C3B2-48EB-B66F-483A3C5ED946}.Debug|Any CPU.ActiveCfg = Debug|Any CPU
		{FF3113C4-C3B2-48EB-B66F-483A3C5ED946}.Debug|Any CPU.Build.0 = Debug|Any CPU
		{FF3113C4-C3B2-48EB-B66F-483A3C5ED946}.Release|Any CPU.ActiveCfg = Release|Any CPU
		{FF3113C4-C3B2-48EB-B66F-483A3C5ED946}.Release|Any CPU.Build.0 = Release|Any CPU
	EndGlobalSection
	GlobalSection(SolutionProperties) = preSolution
		HideSolutionNode = FALSE
	EndGlobalSection
	GlobalSection(NestedProjects) = preSolution
		{BA7073F6-2A1C-4F82-A240-D02064A3BE86} = {3DDA180C-DBB7-4E9C-AE72-0427DB7A98A3}
		{E1C5C555-3024-4E82-92B0-15CB6AA06135} = {3DDA180C-DBB7-4E9C-AE72-0427DB7A98A3}
		{3E5C58AA-6B9A-4020-B70D-1DFC1341CFBD} = {3DDA180C-DBB7-4E9C-AE72-0427DB7A98A3}
		{EE740ECB-DE6D-42FB-BF0D-BC11767CB8F2} = {BA7073F6-2A1C-4F82-A240-D02064A3BE86}
		{FAE792E6-E5C5-4BD5-8C9A-5BB976F86E3A} = {1F5EB58A-8ACE-4179-85CD-119D2DEFF2DF}
		{B7B7527D-C857-4579-8937-86A0F29D0C2F} = {E1C5C555-3024-4E82-92B0-15CB6AA06135}
		{FA98E371-97B2-461C-AC09-26A5D1A68333} = {E1C5C555-3024-4E82-92B0-15CB6AA06135}
		{C3607C76-1352-4982-B78C-6D8EBD89B0AA} = {BA7073F6-2A1C-4F82-A240-D02064A3BE86}
		{C761092D-0EBD-484F-A134-42EEB6348B51} = {1F5EB58A-8ACE-4179-85CD-119D2DEFF2DF}
		{22F26F83-C97A-4506-A976-81C0DA5C6332} = {1F5EB58A-8ACE-4179-85CD-119D2DEFF2DF}
		{2B94B549-655C-4119-9CED-953F006964F8} = {BA7073F6-2A1C-4F82-A240-D02064A3BE86}
		{59FDE704-04A8-4C0B-84AA-64BC6DF02A34} = {3DDA180C-DBB7-4E9C-AE72-0427DB7A98A3}
		{FF3113C4-C3B2-48EB-B66F-483A3C5ED946} = {BA7073F6-2A1C-4F82-A240-D02064A3BE86}
	EndGlobalSection
	GlobalSection(ExtensibilityGlobals) = postSolution
		SolutionGuid = {2AD4DEAF-9CA0-40AD-90E5-2377A4BB3BB4}
	EndGlobalSection
EndGlobal
